
Microsoft Visual Studio Solution File, Format Version 12.00
# Visual Studio 2012
Project("{FAE04EC0-301F-11D3-BF4B-00C04F79EFBC}") = "PruebaGit", "PruebaGit\PruebaGit.csproj", "{276BD780-8350-46DE-8B72-FEA4179F0201}"
EndProject
Global
	GlobalSection(SolutionConfigurationPlatforms) = preSolution
		Debug|Any CPU = Debug|Any CPU
		Release|Any CPU = Release|Any CPU
	EndGlobalSection
	GlobalSection(ProjectConfigurationPlatforms) = postSolution
		{276BD780-8350-46DE-8B72-FEA4179F0201}.Debug|Any CPU.ActiveCfg = Debug|Any CPU
		{276BD780-8350-46DE-8B72-FEA4179F0201}.Debug|Any CPU.Build.0 = Debug|Any CPU
		{276BD780-8350-46DE-8B72-FEA4179F0201}.Release|Any CPU.ActiveCfg = Release|Any CPU
		{276BD780-8350-46DE-8B72-FEA4179F0201}.Release|Any CPU.Build.0 = Release|Any CPU
	EndGlobalSection
	GlobalSection(SolutionProperties) = preSolution
		HideSolutionNode = FALSE
	EndGlobalSection
EndGlobal
